
Microsoft Visual Studio Solution File, Format Version 12.00
# Visual Studio 15
VisualStudioVersion = 15.0.28010.2019
MinimumVisualStudioVersion = 10.0.40219.1
Project("{FAE04EC0-301F-11D3-BF4B-00C04F79EFBC}") = "Str", "Str\Str.csproj", "{60060D3D-CABD-43C3-BBBA-ABF6430325D8}"
EndProject
Global
	GlobalSection(SolutionConfigurationPlatforms) = preSolution
		Debug|Any CPU = Debug|Any CPU
		Release|Any CPU = Release|Any CPU
	EndGlobalSection
	GlobalSection(ProjectConfigurationPlatforms) = postSolution
		{60060D3D-CABD-43C3-BBBA-ABF6430325D8}.Debug|Any CPU.ActiveCfg = Debug|Any CPU
		{60060D3D-CABD-43C3-BBBA-ABF6430325D8}.Debug|Any CPU.Build.0 = Debug|Any CPU
		{60060D3D-CABD-43C3-BBBA-ABF6430325D8}.Release|Any CPU.ActiveCfg = Release|Any CPU
		{60060D3D-CABD-43C3-BBBA-ABF6430325D8}.Release|Any CPU.Build.0 = Release|Any CPU
	EndGlobalSection
	GlobalSection(SolutionProperties) = preSolution
		HideSolutionNode = FALSE
	EndGlobalSection
	GlobalSection(ExtensibilityGlobals) = postSolution
		SolutionGuid = {B916CF7D-5088-4904-A81D-52395B75517D}
	EndGlobalSection
EndGlobal
